dependencies:
- name: nginx-ingress
  repository: https://kubernetes-charts.storage.googleapis.com/
  version: 1.4.0
- name: kubernetes-dashboard
  repository: https://kubernetes-charts.storage.googleapis.com/
  version: 1.4.0
digest: sha256:a0aec2361b4d5f27cf816213398d00e01c505fecdd796c1e6bf08c44ca729b8f
generated: 2019-03-30T21:39:50.437843+09:00
