# THIS IS AN AUTOGENERATED FILE. DO NOT EDIT THIS FILE DIRECTLY.
# yarn lockfile v1


almond@~0.3.1:
  version "0.3.3"
  resolved "https://registry.yarnpkg.com/almond/-/almond-0.3.3.tgz#a0e7c95ac7624d6417b4494b1e68bff693168a20"

asap@~2.0.3:
  version "2.0.5"
  resolved "https://registry.yarnpkg.com/asap/-/asap-2.0.5.tgz#522765b50c3510490e52d7dcfe085ef9ba96958f"

cal-heatmap@^3.6.0:
  version "3.6.2"
  resolved "https://registry.yarnpkg.com/cal-heatmap/-/cal-heatmap-3.6.2.tgz#961a7f4686b3bdcf7104d951b6ff1dd58c0c62d1"
  dependencies:
    d3 "^3.0.6"

core-js@^1.0.0:
  version "1.2.7"
  resolved "https://registry.yarnpkg.com/core-js/-/core-js-1.2.7.tgz#652294c14651db28fa93bd2d5ff2983a4f08c636"

d3@^3.0.6:
  version "3.5.17"
  resolved "https://registry.yarnpkg.com/d3/-/d3-3.5.17.tgz#bc46748004378b21a360c9fc7cf5231790762fb8"

datatables-all@^1.10.13:
  version "1.10.13"
  resolved "https://registry.yarnpkg.com/datatables-all/-/datatables-all-1.10.13.tgz#f120870b90a195a3b685cad8b773cae570dbd909"
  dependencies:
    jquery ">=1.7"

encoding@^0.1.11:
  version "0.1.12"
  resolved "https://registry.yarnpkg.com/encoding/-/encoding-0.1.12.tgz#538b66f3ee62cd1ab51ec323829d1f9480c74beb"
  dependencies:
    iconv-lite "~0.4.13"

ev-emitter@~1.0.0:
  version "1.0.3"
  resolved "https://registry.yarnpkg.com/ev-emitter/-/ev-emitter-1.0.3.tgz#ee5ef74b6ed28d911b32ddcbfc97867f580937bc"

eventemitter2@^1.0.5:
  version "1.0.5"
  resolved "https://registry.yarnpkg.com/eventemitter2/-/eventemitter2-1.0.5.tgz#f983610517b1737c0b9dc643beca93893c04df18"

fbemitter@^2.0.0:
  version "2.1.1"
  resolved "https://registry.yarnpkg.com/fbemitter/-/fbemitter-2.1.1.tgz#523e14fdaf5248805bb02f62efc33be703f51865"
  dependencies:
    fbjs "^0.8.4"

fbjs@0.1.0-alpha.7:
  version "0.1.0-alpha.7"
  resolved "https://registry.yarnpkg.com/fbjs/-/fbjs-0.1.0-alpha.7.tgz#ad4308b8f232fb3c73603349ea725d1e9c39323c"
  dependencies:
    core-js "^1.0.0"
    promise "^7.0.3"
    whatwg-fetch "^0.9.0"

fbjs@^0.8.4:
  version "0.8.6"
  resolved "https://registry.yarnpkg.com/fbjs/-/fbjs-0.8.6.tgz#7eb67d6986b2d5007a9b6e92e0e7cb6f75cad290"
  dependencies:
    core-js "^1.0.0"
    isomorphic-fetch "^2.1.1"
    loose-envify "^1.0.0"
    object-assign "^4.1.0"
    promise "^7.1.1"
    ua-parser-js "^0.7.9"

flux@^2.1.1:
  version "2.1.1"
  resolved "https://registry.yarnpkg.com/flux/-/flux-2.1.1.tgz#2c6ac652d4337488968489c6586f3aff26a38ea4"
  dependencies:
    fbemitter "^2.0.0"
    fbjs "0.1.0-alpha.7"
    immutable "^3.7.4"

fullcalendar@^2.9.0:
  version "2.9.1"
  resolved "https://registry.yarnpkg.com/fullcalendar/-/fullcalendar-2.9.1.tgz#dd2a84469b627749e47c5dd9fd71f56146e0651b"
  dependencies:
    jquery ">=1.7.1"
    moment ">=2.5.0"

highcharts@^4.2.5:
  version v4.2.7
  resolved "https://registry.yarnpkg.com/highcharts/-/highcharts-4.2.7.tgz#45cbed8e99c9c042e95f9c51076726496f686862"

html2canvas@^0.5.0-beta4:
  version "0.5.0-beta4"
  resolved "https://registry.yarnpkg.com/html2canvas/-/html2canvas-0.5.0-beta4.tgz#8282c62ac5fd78168f5702b5e4877157ca93f39e"

iconv-lite@~0.4.13:
  version "0.4.15"
  resolved "https://registry.yarnpkg.com/iconv-lite/-/iconv-lite-0.4.15.tgz#fe265a218ac6a57cfe854927e9d04c19825eddeb"

imagesloaded@>=3.0.0:
  version "4.1.1"
  resolved "https://registry.yarnpkg.com/imagesloaded/-/imagesloaded-4.1.1.tgz#53b5b66615360850a5a264b1293e7f4d06d3bd51"
  dependencies:
    ev-emitter "~1.0.0"

immutable@^3.7.4:
  version "3.8.1"
  resolved "https://registry.yarnpkg.com/immutable/-/immutable-3.8.1.tgz#200807f11ab0f72710ea485542de088075f68cd2"

is-stream@^1.0.1:
  version "1.1.0"
  resolved "https://registry.yarnpkg.com/is-stream/-/is-stream-1.1.0.tgz#12d4a3dd4e68e0b79ceb8dbc84173ae80d91ca44"

isomorphic-fetch@^2.1.1:
  version "2.2.1"
  resolved "https://registry.yarnpkg.com/isomorphic-fetch/-/isomorphic-fetch-2.2.1.tgz#611ae1acf14f5e81f729507472819fe9733558a9"
  dependencies:
    node-fetch "^1.0.1"
    whatwg-fetch ">=0.10.0"

jquery-mousewheel@~3.1.13:
  version "3.1.13"
  resolved "https://registry.yarnpkg.com/jquery-mousewheel/-/jquery-mousewheel-3.1.13.tgz#06f0335f16e353a695e7206bf50503cb523a6ee5"

jquery-ui@^1.12.0:
  version "1.12.1"
  resolved "https://registry.yarnpkg.com/jquery-ui/-/jquery-ui-1.12.1.tgz#bcb4045c8dd0539c134bc1488cdd3e768a7a9e51"

jquery-ujs@^1.2.2:
  version "1.2.2"
  resolved "https://registry.yarnpkg.com/jquery-ujs/-/jquery-ujs-1.2.2.tgz#6a8ef1020e6b6dda385b90a4bddc128c21c56397"
  dependencies:
    jquery ">=1.8.0"

jquery@>=1.6.0, jquery@>=1.7, jquery@>=1.7.1, jquery@>=1.8.0:
  version "3.1.1"
  resolved "https://registry.yarnpkg.com/jquery/-/jquery-3.1.1.tgz#347c1c21c7e004115e0a4da32cece041fad3c8a3"

js-tokens@^2.0.0:
  version "2.0.0"
  resolved "https://registry.yarnpkg.com/js-tokens/-/js-tokens-2.0.0.tgz#79903f5563ee778cc1162e6dcf1a0027c97f9cb5"

json-stringify-safe@^5.0.1:
  version "5.0.1"
  resolved "https://registry.yarnpkg.com/json-stringify-safe/-/json-stringify-safe-5.0.1.tgz#1296a2d58fd45f19a0f6ce01d65701e2c735b6eb"

lodash@^4.17.3:
  version "4.17.3"
  resolved "https://registry.yarnpkg.com/lodash/-/lodash-4.17.3.tgz#557ed7d2a9438cac5fd5a43043ca60cb455e01f7"

loose-envify@^1.0.0:
  version "1.3.0"
  resolved "https://registry.yarnpkg.com/loose-envify/-/loose-envify-1.3.0.tgz#6b26248c42f6d4fa4b0d8542f78edfcde35642a8"
  dependencies:
    js-tokens "^2.0.0"

moment@>=2.5.0:
  version "2.17.1"
  resolved "https://registry.yarnpkg.com/moment/-/moment-2.17.1.tgz#fed9506063f36b10f066c8b59a144d7faebe1d82"

node-fetch@^1.0.1:
  version "1.6.3"
  resolved "https://registry.yarnpkg.com/node-fetch/-/node-fetch-1.6.3.tgz#dc234edd6489982d58e8f0db4f695029abcd8c04"
  dependencies:
    encoding "^0.1.11"
    is-stream "^1.0.1"

node-promise@^0.5.10:
  version "0.5.12"
  resolved "https://registry.yarnpkg.com/node-promise/-/node-promise-0.5.12.tgz#b0acf9bc2229a76407c077b926592f99b3b4e1f1"

nprogress@^0.2.0:
  version "0.2.0"
  resolved "https://registry.yarnpkg.com/nprogress/-/nprogress-0.2.0.tgz#cb8f34c53213d895723fcbab907e9422adbcafb1"

object-assign@^4.1.0:
  version "4.1.0"
  resolved "https://registry.yarnpkg.com/object-assign/-/object-assign-4.1.0.tgz#7a3b3d0e98063d43f4c03f2e8ae6cd51a86883a0"

promise@^7.0.3, promise@^7.1.1:
  version "7.1.1"
  resolved "https://registry.yarnpkg.com/promise/-/promise-7.1.1.tgz#489654c692616b8aa55b0724fa809bb7db49c5bf"
  dependencies:
    asap "~2.0.3"

qtip2@^3.0.3:
  version "3.0.3"
  resolved "https://registry.yarnpkg.com/qtip2/-/qtip2-3.0.3.tgz#7df088ae4412c24a4064de69e824cb3cf76210dc"
  dependencies:
    imagesloaded ">=3.0.0"
    jquery ">=1.6.0"

raven-js@^3.9.1:
  version "3.9.1"
  resolved "https://registry.yarnpkg.com/raven-js/-/raven-js-3.9.1.tgz#d0482100849ea0ab91058308dfa1ec97bc073bac"
  dependencies:
    json-stringify-safe "^5.0.1"

select2@^4.0.3:
  version "4.0.3"
  resolved "https://registry.yarnpkg.com/select2/-/select2-4.0.3.tgz#207733fe91eacb9cb1a13f12463401f472449e0f"
  dependencies:
    almond "~0.3.1"
    jquery-mousewheel "~3.1.13"

ua-parser-js@^0.7.9:
  version "0.7.12"
  resolved "https://registry.yarnpkg.com/ua-parser-js/-/ua-parser-js-0.7.12.tgz#04c81a99bdd5dc52263ea29d24c6bf8d4818a4bb"

uikit@^2.26.4:
  version "2.27.2"
  resolved "https://registry.yarnpkg.com/uikit/-/uikit-2.27.2.tgz#4936be0a041b3e030292d401e5344bb1c2c48f08"
  dependencies:
    node-promise "^0.5.10"

whatwg-fetch@>=0.10.0:
  version "2.0.1"
  resolved "https://registry.yarnpkg.com/whatwg-fetch/-/whatwg-fetch-2.0.1.tgz#078b9461bbe91cea73cbce8bb122a05f9e92b772"

whatwg-fetch@^0.9.0:
  version "0.9.0"
  resolved "https://registry.yarnpkg.com/whatwg-fetch/-/whatwg-fetch-0.9.0.tgz#0e3684c6cb9995b43efc9df03e4c365d95fd9cc0"
