# THIS IS AN AUTOGENERATED FILE. DO NOT EDIT THIS FILE DIRECTLY.
# yarn lockfile v1


almond@~0.3.1:
  version "0.3.3"
  resolved "https://registry.yarnpkg.com/almond/-/almond-0.3.3.tgz#a0e7c95ac7624d6417b4494b1e68bff693168a20"

asap@~2.0.3:
  version "2.0.6"
  resolved "https://registry.yarnpkg.com/asap/-/asap-2.0.6.tgz#e50347611d7e690943208bbdafebcbc2fb866d46"

cal-heatmap@^3.6.0:
  version "3.6.2"
  resolved "https://registry.yarnpkg.com/cal-heatmap/-/cal-heatmap-3.6.2.tgz#961a7f4686b3bdcf7104d951b6ff1dd58c0c62d1"
  dependencies:
    d3 "^3.0.6"

core-js@^1.0.0:
  version "1.2.7"
  resolved "https://registry.yarnpkg.com/core-js/-/core-js-1.2.7.tgz#652294c14651db28fa93bd2d5ff2983a4f08c636"

d3@^3.0.6:
  version "3.5.17"
  resolved "https://registry.yarnpkg.com/d3/-/d3-3.5.17.tgz#bc46748004378b21a360c9fc7cf5231790762fb8"

datatables-all@^1.10.13:
  version "1.10.13"
  resolved "https://registry.yarnpkg.com/datatables-all/-/datatables-all-1.10.13.tgz#f120870b90a195a3b685cad8b773cae570dbd909"
  dependencies:
    jquery ">=1.7"

dom-to-image@^2.6.0:
  version "2.6.0"
  resolved "https://registry.yarnpkg.com/dom-to-image/-/dom-to-image-2.6.0.tgz#8a503608088c87b1c22f9034ae032e1898955867"

encoding@^0.1.11:
  version "0.1.12"
  resolved "https://registry.yarnpkg.com/encoding/-/encoding-0.1.12.tgz#538b66f3ee62cd1ab51ec323829d1f9480c74beb"
  dependencies:
    iconv-lite "~0.4.13"

ev-emitter@^1.0.0:
  version "1.1.1"
  resolved "https://registry.yarnpkg.com/ev-emitter/-/ev-emitter-1.1.1.tgz#8f18b0ce5c76a5d18017f71c0a795c65b9138f2a"

eventemitter2@^1.0.5:
  version "1.0.5"
  resolved "https://registry.yarnpkg.com/eventemitter2/-/eventemitter2-1.0.5.tgz#f983610517b1737c0b9dc643beca93893c04df18"

fbemitter@^2.0.0:
  version "2.1.1"
  resolved "https://registry.yarnpkg.com/fbemitter/-/fbemitter-2.1.1.tgz#523e14fdaf5248805bb02f62efc33be703f51865"
  dependencies:
    fbjs "^0.8.4"

fbjs@0.1.0-alpha.7:
  version "0.1.0-alpha.7"
  resolved "https://registry.yarnpkg.com/fbjs/-/fbjs-0.1.0-alpha.7.tgz#ad4308b8f232fb3c73603349ea725d1e9c39323c"
  dependencies:
    core-js "^1.0.0"
    promise "^7.0.3"
    whatwg-fetch "^0.9.0"

fbjs@^0.8.4:
  version "0.8.17"
  resolved "https://registry.yarnpkg.com/fbjs/-/fbjs-0.8.17.tgz#c4d598ead6949112653d6588b01a5cdcd9f90fdd"
  dependencies:
    core-js "^1.0.0"
    isomorphic-fetch "^2.1.1"
    loose-envify "^1.0.0"
    object-assign "^4.1.0"
    promise "^7.1.1"
    setimmediate "^1.0.5"
    ua-parser-js "^0.7.18"

flux@^2.1.1:
  version "2.1.1"
  resolved "https://registry.yarnpkg.com/flux/-/flux-2.1.1.tgz#2c6ac652d4337488968489c6586f3aff26a38ea4"
  dependencies:
    fbemitter "^2.0.0"
    fbjs "0.1.0-alpha.7"
    immutable "^3.7.4"

fullcalendar@^2.9.0:
  version "2.9.1"
  resolved "https://registry.yarnpkg.com/fullcalendar/-/fullcalendar-2.9.1.tgz#dd2a84469b627749e47c5dd9fd71f56146e0651b"
  dependencies:
    jquery ">=1.7.1"
    moment ">=2.5.0"

highcharts@^4.2.5:
  version "4.2.7"
  resolved "https://registry.yarnpkg.com/highcharts/-/highcharts-4.2.7.tgz#45cbed8e99c9c042e95f9c51076726496f686862"

iconv-lite@~0.4.13:
  version "0.4.23"
  resolved "https://registry.yarnpkg.com/iconv-lite/-/iconv-lite-0.4.23.tgz#297871f63be507adcfbfca715d0cd0eed84e9a63"
  dependencies:
    safer-buffer ">= 2.1.2 < 3"

imagesloaded@>=3.0.0:
  version "4.1.4"
  resolved "https://registry.yarnpkg.com/imagesloaded/-/imagesloaded-4.1.4.tgz#1376efcd162bb768c34c3727ac89cc04051f3cc7"
  dependencies:
    ev-emitter "^1.0.0"

immutable@^3.7.4:
  version "3.8.2"
  resolved "https://registry.yarnpkg.com/immutable/-/immutable-3.8.2.tgz#c2439951455bb39913daf281376f1530e104adf3"

is-stream@^1.0.1:
  version "1.1.0"
  resolved "https://registry.yarnpkg.com/is-stream/-/is-stream-1.1.0.tgz#12d4a3dd4e68e0b79ceb8dbc84173ae80d91ca44"

isomorphic-fetch@^2.1.1:
  version "2.2.1"
  resolved "https://registry.yarnpkg.com/isomorphic-fetch/-/isomorphic-fetch-2.2.1.tgz#611ae1acf14f5e81f729507472819fe9733558a9"
  dependencies:
    node-fetch "^1.0.1"
    whatwg-fetch ">=0.10.0"

jquery-mousewheel@~3.1.13:
  version "3.1.13"
  resolved "https://registry.yarnpkg.com/jquery-mousewheel/-/jquery-mousewheel-3.1.13.tgz#06f0335f16e353a695e7206bf50503cb523a6ee5"

jquery-ui@^1.12.0:
  version "1.12.1"
  resolved "https://registry.yarnpkg.com/jquery-ui/-/jquery-ui-1.12.1.tgz#bcb4045c8dd0539c134bc1488cdd3e768a7a9e51"

jquery@>=1.6.0, jquery@>=1.7, jquery@>=1.7.1:
  version "3.3.1"
  resolved "https://registry.yarnpkg.com/jquery/-/jquery-3.3.1.tgz#958ce29e81c9790f31be7792df5d4d95fc57fbca"

"js-tokens@^3.0.0 || ^4.0.0":
  version "4.0.0"
  resolved "https://registry.yarnpkg.com/js-tokens/-/js-tokens-4.0.0.tgz#19203fb59991df98e3a287050d4647cdeaf32499"

lodash@^4.17.3:
  version "4.17.10"
  resolved "https://registry.yarnpkg.com/lodash/-/lodash-4.17.10.tgz#1b7793cf7259ea38fb3661d4d38b3260af8ae4e7"

loose-envify@^1.0.0:
  version "1.4.0"
  resolved "https://registry.yarnpkg.com/loose-envify/-/loose-envify-1.4.0.tgz#71ee51fa7be4caec1a63839f7e682d8132d30caf"
  dependencies:
    js-tokens "^3.0.0 || ^4.0.0"

moment-timezone@^0.5.13:
  version "0.5.21"
  resolved "https://registry.yarnpkg.com/moment-timezone/-/moment-timezone-0.5.21.tgz#3cba247d84492174dbf71de2a9848fa13207b845"
  dependencies:
    moment ">= 2.9.0"

"moment@>= 2.9.0", moment@>=2.5.0:
  version "2.22.2"
  resolved "https://registry.yarnpkg.com/moment/-/moment-2.22.2.tgz#3c257f9839fc0e93ff53149632239eb90783ff66"

node-fetch@^1.0.1:
  version "1.7.3"
  resolved "https://registry.yarnpkg.com/node-fetch/-/node-fetch-1.7.3.tgz#980f6f72d85211a5347c6b2bc18c5b84c3eb47ef"
  dependencies:
    encoding "^0.1.11"
    is-stream "^1.0.1"

node-promise@^0.5.10:
  version "0.5.13"
  resolved "https://registry.yarnpkg.com/node-promise/-/node-promise-0.5.13.tgz#a81f38e86304defb84fbd808eac2f711db2cec82"

nprogress@^0.2.0:
  version "0.2.0"
  resolved "https://registry.yarnpkg.com/nprogress/-/nprogress-0.2.0.tgz#cb8f34c53213d895723fcbab907e9422adbcafb1"

object-assign@^4.1.0:
  version "4.1.1"
  resolved "https://registry.yarnpkg.com/object-assign/-/object-assign-4.1.1.tgz#2109adc7965887cfc05cbbd442cac8bfbb360863"

promise@^7.0.3, promise@^7.1.1:
  version "7.3.1"
  resolved "https://registry.yarnpkg.com/promise/-/promise-7.3.1.tgz#064b72602b18f90f29192b8b1bc418ffd1ebd3bf"
  dependencies:
    asap "~2.0.3"

qtip2@^3.0.3:
  version "3.0.3"
  resolved "https://registry.yarnpkg.com/qtip2/-/qtip2-3.0.3.tgz#7df088ae4412c24a4064de69e824cb3cf76210dc"
  dependencies:
    imagesloaded ">=3.0.0"
    jquery ">=1.6.0"

raven-js@^3.9.1:
  version "3.26.3"
  resolved "https://registry.yarnpkg.com/raven-js/-/raven-js-3.26.3.tgz#0efb49969b5b11ab965f7b0d6da4ca102b763cb0"

"safer-buffer@>= 2.1.2 < 3":
  version "2.1.2"
  resolved "https://registry.yarnpkg.com/safer-buffer/-/safer-buffer-2.1.2.tgz#44fa161b0187b9549dd84bb91802f9bd8385cd6a"

select2@^4.0.3:
  version "4.0.5"
  resolved "https://registry.yarnpkg.com/select2/-/select2-4.0.5.tgz#7aac50692561985b34d3b82ec55e226f8960d40a"
  dependencies:
    almond "~0.3.1"
    jquery-mousewheel "~3.1.13"

setimmediate@^1.0.5:
  version "1.0.5"
  resolved "https://registry.yarnpkg.com/setimmediate/-/setimmediate-1.0.5.tgz#290cbb232e306942d7d7ea9b83732ab7856f8285"

ua-parser-js@^0.7.18:
  version "0.7.18"
  resolved "https://registry.yarnpkg.com/ua-parser-js/-/ua-parser-js-0.7.18.tgz#a7bfd92f56edfb117083b69e31d2aa8882d4b1ed"

uikit@^2.26.4:
  version "2.27.4"
  resolved "https://registry.yarnpkg.com/uikit/-/uikit-2.27.4.tgz#dc0a2dde23f4fbf47fb393c7056fd794f771f255"
  dependencies:
    node-promise "^0.5.10"

whatwg-fetch@>=0.10.0:
  version "2.0.4"
  resolved "https://registry.yarnpkg.com/whatwg-fetch/-/whatwg-fetch-2.0.4.tgz#dde6a5df315f9d39991aa17621853d720b85566f"

whatwg-fetch@^0.9.0:
  version "0.9.0"
  resolved "https://registry.yarnpkg.com/whatwg-fetch/-/whatwg-fetch-0.9.0.tgz#0e3684c6cb9995b43efc9df03e4c365d95fd9cc0"
